
Microsoft Visual Studio Solution File, Format Version 12.00
# Visual Studio Version 17
VisualStudioVersion = 17.3.32901.215
MinimumVisualStudioVersion = 10.0.40219.1
Project("{FAE04EC0-301F-11D3-BF4B-00C04F79EFBC}") = "01_SocketUDP_Server", "01_SocketUDP_Server.csproj", "{F8EA2220-6C6F-438F-97AE-E257D5987FF8}"
EndProject
Global
	GlobalSection(SolutionConfigurationPlatforms) = preSolution
		Debug|Any CPU = Debug|Any CPU
		Release|Any CPU = Release|Any CPU
	EndGlobalSection
	GlobalSection(ProjectConfigurationPlatforms) = postSolution
		{F8EA2220-6C6F-438F-97AE-E257D5987FF8}.Debug|Any CPU.ActiveCfg = Debug|Any CPU
		{F8EA2220-6C6F-438F-97AE-E257D5987FF8}.Debug|Any CPU.Build.0 = Debug|Any CPU
		{F8EA2220-6C6F-438F-97AE-E257D5987FF8}.Release|Any CPU.ActiveCfg = Release|Any CPU
		{F8EA2220-6C6F-438F-97AE-E257D5987FF8}.Release|Any CPU.Build.0 = Release|Any CPU
	EndGlobalSection
	GlobalSection(SolutionProperties) = preSolution
		HideSolutionNode = FALSE
	EndGlobalSection
	GlobalSection(ExtensibilityGlobals) = postSolution
		SolutionGuid = {7435C5A4-333A-48D3-A016-2305024BE4C0}
	EndGlobalSection
EndGlobal
